cloud.google.com/go v0.26.0/go.mod h1:aQUYkXzVsufM+DwF1aE+0xfcU+56JwCaLick0ClmMTw=
github.com/aead/chacha20 v0.0.0-20180709150244-8b13a72661da h1:KjTM2ks9d14ZYCvmHS9iAKVt9AyzRSqNU1qabPih5BY=
github.com/aead/chacha20 v0.0.0-20180709150244-8b13a72661da/go.mod h1:eHEWzANqSiWQsof+nXEI9bUVUyV6F53Fp89EuCh2EAA=
github.com/aead/siphash v1.0.1 h1:FwHfE/T45KPKYuuSAKyyvE+oPWcaQ+CUmFW0bPlM+kg=
github.com/aead/siphash v1.0.1/go.mod h1:Nywa3cDsYNNK3gaciGTWPwHt0wlpNV15vwmswBAUSII=
github.com/boltdb/bolt v1.3.1 h1:JQmyP4ZBrce+ZQu0dY660FMfatumYDLun9hBCUVIkF4=
github.com/boltdb/bolt v1.3.1/go.mod h1:clJnj/oiGkjum5o1McbSZDSLxVThjynRyGBgiAx27Ps=
github.com/btcsuite/btcd v0.0.0-20180823030728-d81d8877b8f3/go.mod h1:Dmm/EzmjnCiweXmzRIAiUWCInVmPgjkzgv5k4tVyXiQ=
github.com/btcsuite/btcd v0.0.0-20180824064422-7d2daa5bfef28c5e282571bc06416516936115ee/go.mod h1:Jr9bmNVGZ7TH2Ux1QuP0ec+yGgh0gE9FIlkzQiI5bR0=
github.com/btcsuite/btcd v0.0.0-20181130015935-7d2daa5bfef2 h1:LPHpTTuR7vj3kD7YDRZnrDnFAoj1Ov4cpiO3jN8RnW4=
github.com/btcsuite/btcd v0.0.0-20181130015935-7d2daa5bfef2/go.mod h1:Jr9bmNVGZ7TH2Ux1QuP0ec+yGgh0gE9FIlkzQiI5bR0=
github.com/btcsuite/btclog v0.0.0-20170628155309-84c8d2346e9f h1:bAs4lUbRJpnnkd9VhRV3jjAVU7DJVjMaK+IsvSeZvFo=
github.com/btcsuite/btclog v0.0.0-20170628155309-84c8d2346e9f/go.mod h1:TdznJufoqS23FtqVCzL0ZqgP5MqXbb4fg/WgDys70nA=
github.com/btcsuite/btcutil v0.0.0-20180706230648-ab6388e0c60a h1:RQMUrEILyYJEoAT34XS/kLu40vC0+po/UfxrBBA4qZE=
github.com/btcsuite/btcutil v0.0.0-20180706230648-ab6388e0c60a/go.mod h1:+5NJ2+qvTyV9exUAL/rxXi3DcLg2Ts+ymUAY5y4NvMg=
github.com/btcsuite/btcutil v0.0.0-20180706230648-ab6388e0c60ae4834a1f57511e20c17b5f78be4b h1:sa+k743hEDlacUmuzqYlpxx4gp61C9Cf531bPaOneWo=
github.com/btcsuite/btcutil v0.0.0-20180706230648-ab6388e0c60ae4834a1f57511e20c17b5f78be4b/go.mod h1:+5NJ2+qvTyV9exUAL/rxXi3DcLg2Ts+ymUAY5y4NvMg=
github.com/btcsuite/btcwallet v0.0.0-20180904010540-284e2e0e696e33d5be388f7f3d9a26db703e0c06 h1:70VjsFLqmG1fdgNBbnk96HVjsXMS36DuLId5EphcnyE=
github.com/btcsuite/btcwallet v0.0.0-20180904010540-284e2e0e696e33d5be388f7f3d9a26db703e0c06/go.mod h1:/d7QHZsfUAruXuBhyPITqoYOmJ+nq35qPsJjz/aSpCg=
github.com/btcsuite/fastsha256 v0.0.0-20160815193821-637e65642941 h1:kij1x2aL7VE6gtx8KMIt8PGPgI5GV9LgtHFG5KaEMPY=
github.com/btcsuite/fastsha256 v0.0.0-20160815193821-637e65642941/go.mod h1:QcFA8DZHtuIAdYKCq/BzELOaznRsCvwf4zTPmaYwaig=
github.com/btcsuite/go-flags v0.0.0-20150116065318-6c288d648c1c h1:jYE+0osxEwZMwnJkGJCiQZKLhMFMR6+G8QxtFtL9/Zw=
github.com/btcsuite/go-flags v0.0.0-20150116065318-6c288d648c1c/go.mod h1:FAMFTQ1iW6ewsFxRHGOzmtOgCNMIw1ks4L86fZ3nNaw=
github.com/btcsuite/go-socks v0.0.0-20170105172521-4720035b7bfd h1:R/opQEbFEy9JGkIguV40SvRY1uliPX8ifOvi6ICsFCw=
github.com/btcsuite/go-socks v0.0.0-20170105172521-4720035b7bfd/go.mod h1:HHNXQzUsZCxOoE+CPiyCTO6x34Zs86zZUiwtpXoGdtg=
github.com/btcsuite/golangcrypto v0.0.0-20150304025918-53f62d9b43e8 h1:nOsAWScwueMVk/VLm/dvQQD7DuanyvAUb6B3P3eT274=
github.com/btcsuite/golangcrypto v0.0.0-20150304025918-53f62d9b43e8/go.mod h1:tYvUd8KLhm/oXvUeSEs2VlLghFjQt9+ZaF9ghH0JNjc=
github.com/btcsuite/goleveldb v0.0.0-20160330041536-7834afc9e8cd/go.mod h1:F+uVaaLLH7j4eDXPRvw78tMflu7Ie2bzYOH4Y8rRKBY=
github.com/btcsuite/goleveldb v1.0.0/go.mod h1:QiK9vBlgftBg6rWQIj6wFzbPfRjiykIEhBH4obrXJ/I=
github.com/btcsuite/seelog v0.0.0-20170620134819-556d4dde7873 h1:SEuNG9I9hgTQ7WBr0WEBCNdRHxF2sb8c4VoOP2wbPGI=
github.com/btcsuite/snappy-go v0.0.0-20151229074030-0bdef8d06723/go.mod h1:8woku9dyThutzjeg+3xrA5iCpBRH8XEEg3lh6TiUghc=
github.com/btcsuite/snappy-go v1.0.0/go.mod h1:8woku9dyThutzjeg+3xrA5iCpBRH8XEEg3lh6TiUghc=
github.com/btcsuite/websocket v0.0.0-20150119174127-31079b680792 h1:R8vQdOQdZ9Y3SkEwmHoWBmX1DNXhXZqlTpq6s4tyJGc=
github.com/btcsuite/websocket v0.0.0-20150119174127-31079b680792/go.mod h1:ghJtEyQwv5/p4Mg4C0fgbePVuGr935/5ddU9Z3TmDRY=
github.com/btcsuite/winsvc v1.0.0/go.mod h1:jsenWakMcC0zFBFurPLEAyrnc/teJEM1O46fmI40EZs=
github.com/client9/misspell v0.3.4/go.mod h1:qj6jICC3Q7zFZvVWo7KLAzC3yx5G7kyvSDkc90ppPyw=
github.com/codahale/chacha20 v0.0.0-20151107025005-ec07b4f69a3f h1:GnkFLgLBj4MDb+UdR1yFlznatawt2U7tEGF1HCwcMSs=
github.com/codahale/chacha20 v0.0.0-20151107025005-ec07b4f69a3f/go.mod h1:2EU+1emidIWL7uTbVXfPFlgYxYo3TGHz+ElH1Tp5GT0=
github.com/codahale/chacha20poly1305 v0.0.0-20151127064032-f8a5c4830182 h1:x10Jo2fFFjc4D9TLtGayvQd74fgyeAmwAlAWIW8CK2w=
github.com/codahale/chacha20poly1305 v0.0.0-20151127064032-f8a5c4830182/go.mod h1:xvhxzuSU+uMkIOpuaTjst6ZD9tpPWBKp4G1ZNzD/OIw=
github.com/coreos/bbolt v0.0.0-20180223184059-7ee3ded59d4835e10f3e7d0f7603c42aa5e83820/go.mod h1:iRUV2dpdMOn7Bo10OQBFzIJO9kkE559Wcmn+qkEiiKk=
github.com/coreos/bbolt v1.3.0 h1:HIgH5xUWXT914HCI671AxuTTqjj64UOFr7pHn48LUTI=
github.com/coreos/bbolt v1.3.0/go.mod h1:iRUV2dpdMOn7Bo10OQBFzIJO9kkE559Wcmn+qkEiiKk=
github.com/davecgh/go-spew v0.0.0-20171005155431-ecdeabc65495/go.mod h1:J7Y8YcW2NihsgmVo/mv3lAwl/skON4iLHjSsI+c5H38=
github.com/davecgh/go-spew v1.1.1 h1:vj9j/u1bqnvCEfJOwUhtlOARqs3+rkHYY13jYWTU97c=
github.com/davecgh/go-spew v1.1.1/go.mod h1:J7Y8YcW2NihsgmVo/mv3lAwl/skON4iLHjSsI+c5H38=
github.com/fsnotify/fsnotify v1.4.7/go.mod h1:jwhsz4b93w/PPRr/qN1Yymfu8t87LnFCMoQvtojpjFo=
github.com/golang/glog v0.0.0-20160126235308-23def4e6c14b/go.mod h1:SBH7ygxi8pfUlaOkMMuAQtPIUF8ecWP5IEl/CR7VP2Q=
github.com/golang/mock v1.1.1/go.mod h1:oTYuIxOrZwtPieC+H1uAHpcLFnEyAGVDL/k47Jfbm0A=
github.com/golang/protobuf v0.0.0-20180821051752-b27b920f9e71/go.mod h1:6lQm79b+lXiMfvg/cZm0SGofjICqVBUtrP5yJMmIC1U=
github.com/golang/protobuf v1.2.0 h1:P3YflyNX/ehuJFLhxviNdFxQPkGK5cDcApsge1SqnvM=
github.com/golang/protobuf v1.2.0/go.mod h1:6lQm79b+lXiMfvg/cZm0SGofjICqVBUtrP5yJMmIC1U=
github.com/howeyc/gopass v0.0.0-20170109162249-bf9dde6d0d2c h1:kQWxfPIHVLbgLzphqk3QUflDy9QdksZR4ygR807bpy0=
github.com/howeyc/gopass v0.0.0-20170109162249-bf9dde6d0d2c/go.mod h1:lADxMC39cJJqL93Duh1xhAs4I2Zs8mKS89XWXFGp9cs=
github.com/hpcloud/tail v1.0.0/go.mod h1:ab1qPbhIpdTxEkNHXyeSf5vhxWSCs/tWer42PpOxQnU=
github.com/jessevdk/go-flags v0.0.0-20141203071132-1679536dcc89/go.mod h1:4FA24M0QyGHXBuZZK/XkWh8h0e1EYbRYJSGM75WSRxI=
github.com/jrick/logrotate v1.0.0/go.mod h1:LNinyqDIJnpAur+b8yyulnQw/wDuN1+BYKlTRt3OuAQ=
github.com/kisielk/gotool v1.0.0/go.mod h1:XhKaO+MFFWcvkIS/tQcRk01m1F5IRFswLeQ+oQHNcck=
github.com/kkdai/bstream v0.0.0-20161212061736-f391b8402d23/go.mod h1:J+Gs4SYgM6CZQHDETBtE9HaSEkGmuNXF86RwHhHUvq4=
github.com/kkdai/bstream v0.0.0-20181106074824-b3251f7901ec h1:n1NeQ3SgUHyISrjFFoO5dR748Is8dBL9qpaTNfphQrs=
github.com/kkdai/bstream v0.0.0-20181106074824-b3251f7901ec/go.mod h1:J+Gs4SYgM6CZQHDETBtE9HaSEkGmuNXF86RwHhHUvq4=
github.com/lightninglabs/gozmq v0.0.0-20180324010646-462a8a753885 h1:fTLuPUkaKIIV0+gA1IxiBDvDxtF8tzpSF6N6NfFGmsU=
github.com/lightninglabs/gozmq v0.0.0-20180324010646-462a8a753885/go.mod h1:KUh15naRlx/TmUMFS/p4JJrCrE6F7RGF7rsnvuu45E4=
github.com/lightninglabs/neutrino v0.0.0-20181017011010-4d6069299130/go.mod h1:KJq43Fu9ceitbJsSXMILcT4mGDNI/crKmPIkDOZXFyM=
github.com/lightninglabs/neutrino v0.0.0-20181205073459-30b359e8a641 h1:WwGz/5LXgqAJKXq3x6jqrspe4azIE00shM65btskJlg=
github.com/lightninglabs/neutrino v0.0.0-20181205073459-30b359e8a641/go.mod h1:/ie0+o5CLo6NDM52EpoMAJsMPq25DqpK1APv6MzZj7U=
github.com/lightningnetwork/lightning-onion v0.0.0-20181120012844-725fcf830eac h1:SelYbSBbpqkmu3F7If4/b4Ht2s7LIUNwfwhevTSOupY=
github.com/lightningnetwork/lightning-onion v0.0.0-20181120012844-725fcf830eac/go.mod h1:8EgEt4a/NUOVQd+3kk6n9aZCJ1Ssj96Pb6lCrci+6oc=
github.com/lightningnetwork/lnd v0.0.2 h1:actrQ68Mrj2atPV7A58FxPzP6Qjwvn0GqkxC9iC0Mlw=
github.com/lightningnetwork/lnd v0.0.2/go.mod h1:wpCSmoRQxoM/vXLtTETeBp08XnB/9/f+sjPvCJZPyA0=
github.com/onsi/ginkgo v1.6.0/go.mod h1:lLunBs/Ym6LB5Z9jYTR76FiuTmxDTDusOGeTQH+WWjE=
github.com/onsi/gomega v1.4.1/go.mod h1:C1qb7wdrVGGVU+Z6iS04AVkA3Q65CEZX59MT0QO5uiA=
github.com/roasbeef/btcd v0.0.0-20180418012700-a03db407e40d h1:3p7ZK0clyDVNQL3a5q4jTaTDv5YzW4AxkdftpBZxsrU=
github.com/roasbeef/btcd v0.0.0-20180418012700-a03db407e40d/go.mod h1:A6JDd1s2zvd0LJNnhvindLqoL7gzisoxi5QlvRH7rmY=
github.com/roasbeef/btcrpcclient v0.0.0-20170622074026-d0f4db8b4dad h1:CUwA46cQ1abMrOc8Qjxfi4VS1rThf+/tpBoMGqQdXxI=
github.com/roasbeef/btcrpcclient v0.0.0-20170622074026-d0f4db8b4dad/go.mod h1:pifwSYHPshWU3rt0bWMWh4pOIIWLs8DBfMhIsXRR9Nc=
github.com/roasbeef/btcutil v0.0.0-20180406014609-dfb640c57141 h1:Ff9AGVuxwGC3rmvHvmfr0sGjB0ybNYMn9TzgdkGbrOg=
github.com/roasbeef/btcutil v0.0.0-20180406014609-dfb640c57141/go.mod h1:rt+VEaQjfoxd3IOujqxoF9v3uy1ygl7Gk8Q5y3Kv+Lw=
github.com/roasbeef/btcwallet v0.0.0-20180426223453-30affec83c18 h1:QxTtAp0pMrokFZSNdlE+mh6JV7kqfwobwiirh4y4Co0=
github.com/roasbeef/btcwallet v0.0.0-20180426223453-30affec83c18/go.mod h1:goBH4LGKmFYicHRfH1xJhWiBZE9mB73fngtZ2hacyCk=
go.etcd.io/bbolt v1.3.0/go.mod h1:IbVyRI1SCnLcuJnV2u8VeU0CEYM7e686BmAb1XKL+uU=
golang.org/x/crypto v0.0.0-20170930174604-9419663f5a44/go.mod h1:6SG95UA2DQfeDnfUPMdvaQW0Q7yPrPDi9nlGo2tz2b4=
golang.org/x/crypto v0.0.0-20181127143415-eb0de9b17e85/go.mod h1:6SG95UA2DQfeDnfUPMdvaQW0Q7yPrPDi9nlGo2tz2b4=
golang.org/x/crypto v0.0.0-20190103213133-ff983b9c42bc h1:F5tKCVGp+MUAHhKp5MZtGqAlGX3+oCsiL1Q629FL90M=
golang.org/x/crypto v0.0.0-20190103213133-ff983b9c42bc/go.mod h1:6SG95UA2DQfeDnfUPMdvaQW0Q7yPrPDi9nlGo2tz2b4=
golang.org/x/lint v0.0.0-20181026193005-c67002cb31c3/go.mod h1:UVdnD1Gm6xHRNCYTkRU2/jEulfH38KcIWyp/GAMgvoE=
golang.org/x/net v0.0.0-20180719180050-a680a1efc54d/go.mod h1:mL1N/T3taQHkDXs73rZJwtUhF3w3ftmwwsq0BUmARs4=
golang.org/x/net v0.0.0-20180821023952-922f4815f713/go.mod h1:mL1N/T3taQHkDXs73rZJwtUhF3w3ftmwwsq0BUmARs4=
golang.org/x/net v0.0.0-20180826012351-8a410e7b638d h1:g9qWBGx4puODJTMVyoPrpoxPFgVGd+z1DZwjfRu4d0I=
golang.org/x/net v0.0.0-20180826012351-8a410e7b638d/go.mod h1:mL1N/T3taQHkDXs73rZJwtUhF3w3ftmwwsq0BUmARs4=
golang.org/x/net v0.0.0-20181220203305-927f97764cc3 h1:eH6Eip3UpmR+yM/qI9Ijluzb1bNv/cAU/n+6l8tRSis=
golang.org/x/net v0.0.0-20181220203305-927f97764cc3/go.mod h1:mL1N/T3taQHkDXs73rZJwtUhF3w3ftmwwsq0BUmARs4=
golang.org/x/oauth2 v0.0.0-20180821212333-d2e6202438be/go.mod h1:N/0e6XlmueqKjAGxoOufVs8QHGRruUQn6yWY3a++T0U=
golang.org/x/sync v0.0.0-20180314180146-1d60e4601c6f h1:wMNYb4v58l5UBM7MYRLPG6ZhfOqbKu7X5eyFl8ZhKvA=
golang.org/x/sync v0.0.0-20180314180146-1d60e4601c6f/go.mod h1:RxMgew5VJxzue5/jJTE5uejpjVlOe/izrB70Jof72aM=
golang.org/x/sync v0.0.0-20181108010431-42b317875d0f h1:Bl/8QSvNqXvPGPGXa2z5xUTmV7VDcZyvRZ+QQXkXTZQ=
golang.org/x/sync v0.0.0-20181108010431-42b317875d0f/go.mod h1:RxMgew5VJxzue5/jJTE5uejpjVlOe/izrB70Jof72aM=
golang.org/x/sys v0.0.0-20180821140842-3b58ed4ad339/go.mod h1:STP8DvDyc/dI5b8T5hshtkjS+E42TnysNCUPdjciGhY=
golang.org/x/sys v0.0.0-20180830151530-49385e6e1522 h1:Ve1ORMCxvRmSXBwJK+t3Oy+V2vRW2OetUQBq4rJIkZE=
golang.org/x/sys v0.0.0-20180830151530-49385e6e1522/go.mod h1:STP8DvDyc/dI5b8T5hshtkjS+E42TnysNCUPdjciGhY=
golang.org/x/sys v0.0.0-20181128092732-4ed8d59d0b35 h1:YAFjXN64LMvktoUZH9zgY4lGc/msGN7HQfoSuKCgaDU=
golang.org/x/sys v0.0.0-20181128092732-4ed8d59d0b35/go.mod h1:STP8DvDyc/dI5b8T5hshtkjS+E42TnysNCUPdjciGhY=
golang.org/x/text v0.3.0 h1:g61tztE5qeGQ89tm6NTjjM9VPIm088od1l6aSorWRWg=
golang.org/x/text v0.3.0/go.mod h1:NqM8EUOU14njkJ3fqMW+pc6Ldnwhi/IjpwHt7yyuwOQ=
golang.org/x/tools v0.0.0-20180828015842-6cd1fcedba52/go.mod h1:n7NCudcB/nEzxVGmLbDWY5pfWTLqBcC2KZ6jyYvM4mQ=
google.golang.org/appengine v1.1.0/go.mod h1:EbEs0AVv82hx2wNQdGPgUI5lhzA/G0D9YwlJXL52JkM=
google.golang.org/genproto v0.0.0-20180817151627-c66870c02cf8 h1:Nw54tB0rB7hY/N0NQvRW8DG4Yk3Q6T9cu9RcFQDu1tc=
google.golang.org/genproto v0.0.0-20180817151627-c66870c02cf8/go.mod h1:JiN7NxoALGmiZfu7CAH4rXhgtRTLTxftemlI0sWmxmc=
google.golang.org/grpc v1.12.0/go.mod h1:yo6s7OP7yaDglbqo1J04qKzAhqBH6lvTonzMVmEdcZw=
google.golang.org/grpc v1.17.0 h1:TRJYBgMclJvGYn2rIMjj+h9KtMt5r1Ij7ODVRIZkwhk=
google.golang.org/grpc v1.17.0/go.mod h1:6QZJwpn2B+Zp71q/5VxRsJ6NXXVCE5NRUHRo+f3cWCs=
gopkg.in/check.v1 v0.0.0-20161208181325-20d25e280405/go.mod h1:Co6ibVJAznAaIkqp8huTwlJQCZ016jof/cbN4VW5Yz0=
gopkg.in/fsnotify.v1 v1.4.7/go.mod h1:Tz8NjZHkW78fSQdbUxIjBTcgA1z1m8ZHf0WmKUhAMys=
gopkg.in/macaroon.v2 v2.0.0 h1:LVWycAfeJBUjCIqfR9gqlo7I8vmiXRr51YEOZ1suop8=
gopkg.in/macaroon.v2 v2.0.0/go.mod h1:+I6LnTMkm/uV5ew/0nsulNjL16SK4+C8yDmRUzHR17I=
gopkg.in/tomb.v1 v1.0.0-20141024135613-dd632973f1e7/go.mod h1:dt/ZhP58zS4L8KSrWDmTeBkI65Dw0HsyUHuEVlX15mw=
gopkg.in/yaml.v2 v2.2.1/go.mod h1:hI93XBmqTisBFMUTm0b8Fm+jr3Dg1NNxqwp+5A1VGuI=
honnef.co/go/tools v0.0.0-20180728063816-88497007e858/go.mod h1:rf3lG4BRIbNafJWhAfAdb/ePZxsR/4RtNHQocxwk9r4=
